{
  "requires": true,
  "lockfileVersion": 1,
  "dependencies": {
    "@rehooks/component-size": {
      "version": "1.0.3",
      "resolved": "https://registry.npmjs.org/@rehooks/component-size/-/component-size-1.0.3.tgz",
      "integrity": "sha512-pnYld+8SSF2vXwdLOqBGUyOrv/SjzwLjIUcs/4c1JJgR0q4E9eBtBfuZMD6zUD51fvSehSsbnlQMzotSmPTXPg=="
    }
  }
}
